
Microsoft Visual Studio Solution File, Format Version 12.00
Project("{FAE04EC0-301F-11D3-BF4B-00C04F79EFBC}") = "PaymentService.Test", "PaymentService.Test\PaymentService.Test.csproj", "{EE29755E-6961-4AEF-A3AF-1EABA0038289}"
EndProject
Project("{FAE04EC0-301F-11D3-BF4B-00C04F79EFBC}") = "PolicyService", "PolicyService\PolicyService.csproj", "{7E4B1799-68DD-47EF-B3F5-DFE4B3620F0A}"
EndProject
Project("{FAE04EC0-301F-11D3-BF4B-00C04F79EFBC}") = "PaymentService", "PaymentService\PaymentService.csproj", "{262165C7-DF4B-4C5B-95A8-92BD5ACC5776}"
EndProject
Project("{FAE04EC0-301F-11D3-BF4B-00C04F79EFBC}") = "PaymentService.Api", "PaymentService.Api\PaymentService.Api.csproj", "{ECDC4BAC-7F0F-4BBB-9F10-FA8544742F45}"
EndProject
Project("{FAE04EC0-301F-11D3-BF4B-00C04F79EFBC}") = "PolicySearchService", "PolicySearchService\PolicySearchService.csproj", "{17C01D06-BC69-4E67-8CFA-B7A763BAB055}"
EndProject
Project("{FAE04EC0-301F-11D3-BF4B-00C04F79EFBC}") = "PolicySearchService.Api", "PolicySearchService.Api\PolicySearchService.Api.csproj", "{92EC6BDC-DBCD-4113-BD11-4954D6EC980C}"
EndProject
Project("{FAE04EC0-301F-11D3-BF4B-00C04F79EFBC}") = "PolicyService.Api", "PolicyService.Api\PolicyService.Api.csproj", "{95BFEF11-1DFD-472A-A9D6-EDA4B141DA16}"
EndProject
Project("{FAE04EC0-301F-11D3-BF4B-00C04F79EFBC}") = "PolicyService.Test", "PolicyService.Test\PolicyService.Test.csproj", "{382AA639-142F-4B3E-A901-40CC00D4DF60}"
EndProject
Project("{2150E333-8FDC-42A3-9474-1A3956D46DE8}") = "PaymentService", "PaymentService", "{89D5B0B0-227B-4840-AE90-FD1001B1CC7A}"
EndProject
Project("{FAE04EC0-301F-11D3-BF4B-00C04F79EFBC}") = "PricingService", "PricingService\PricingService.csproj", "{D45CE22D-6C70-4A46-B7DB-A2F2CD2E2C04}"
EndProject
Project("{FAE04EC0-301F-11D3-BF4B-00C04F79EFBC}") = "PricingService.Api", "PricingService.Api\PricingService.Api.csproj", "{AA8714FC-30ED-44F5-AB79-BA7D3631E86B}"
EndProject
Project("{FAE04EC0-301F-11D3-BF4B-00C04F79EFBC}") = "PricingService.Test", "PricingService.Test\PricingService.Test.csproj", "{ADC07F43-5C99-4C54-A218-C3E40E29CC4F}"
EndProject
Project("{FAE04EC0-301F-11D3-BF4B-00C04F79EFBC}") = "ProductService", "ProductService\ProductService.csproj", "{15CFD62C-462F-4F4F-9EA5-D2D267AA91E3}"
EndProject
Project("{FAE04EC0-301F-11D3-BF4B-00C04F79EFBC}") = "ProductService.Api", "ProductService.Api\ProductService.Api.csproj", "{C9F6E4E1-F509-4EF5-BA47-3C6F702149AA}"
EndProject
Project("{FAE04EC0-301F-11D3-BF4B-00C04F79EFBC}") = "ProductService.Test", "ProductService.Test\ProductService.Test.csproj", "{14399D99-BB60-477F-B12F-39C4A3578242}"
EndProject
Project("{2150E333-8FDC-42A3-9474-1A3956D46DE8}") = "PolicyService", "PolicyService", "{5791FFB4-7FAA-488B-A42C-B6FB68B67E99}"
EndProject
Project("{2150E333-8FDC-42A3-9474-1A3956D46DE8}") = "PolicySearchService", "PolicySearchService", "{A122DEDF-031B-46B3-9970-6BFDF31B428B}"
EndProject
Project("{2150E333-8FDC-42A3-9474-1A3956D46DE8}") = "PricingService", "PricingService", "{4FAB8548-ADD0-4157-889E-E66A7215E707}"
EndProject
Project("{2150E333-8FDC-42A3-9474-1A3956D46DE8}") = "ProductService", "ProductService", "{70AA5687-E3A7-40F9-B8D7-9313A892BCD8}"
EndProject
Project("{2150E333-8FDC-42A3-9474-1A3956D46DE8}") = "SolutionItems", "SolutionItems", "{3B484E48-1714-4B6E-94E6-03242FFCCF1A}"
	ProjectSection(SolutionItems) = preProject
		.gitignore = .gitignore
		.editorconfig = .editorconfig
	EndProjectSection
EndProject
Project("{FAE04EC0-301F-11D3-BF4B-00C04F79EFBC}") = "ProductService.Abstractions", "ProductService.Abstractions\ProductService.Abstractions.csproj", "{0F37713E-D845-4B58-BA29-317DB4847B6A}"
EndProject
Global
	GlobalSection(SolutionConfigurationPlatforms) = preSolution
		Debug|Any CPU = Debug|Any CPU
		Release|Any CPU = Release|Any CPU
	EndGlobalSection
	GlobalSection(ProjectConfigurationPlatforms) = postSolution
		{EE29755E-6961-4AEF-A3AF-1EABA0038289}.Debug|Any CPU.ActiveCfg = Debug|Any CPU
		{EE29755E-6961-4AEF-A3AF-1EABA0038289}.Debug|Any CPU.Build.0 = Debug|Any CPU
		{EE29755E-6961-4AEF-A3AF-1EABA0038289}.Release|Any CPU.ActiveCfg = Release|Any CPU
		{EE29755E-6961-4AEF-A3AF-1EABA0038289}.Release|Any CPU.Build.0 = Release|Any CPU
		{7E4B1799-68DD-47EF-B3F5-DFE4B3620F0A}.Debug|Any CPU.ActiveCfg = Debug|Any CPU
		{7E4B1799-68DD-47EF-B3F5-DFE4B3620F0A}.Debug|Any CPU.Build.0 = Debug|Any CPU
		{7E4B1799-68DD-47EF-B3F5-DFE4B3620F0A}.Release|Any CPU.ActiveCfg = Release|Any CPU
		{7E4B1799-68DD-47EF-B3F5-DFE4B3620F0A}.Release|Any CPU.Build.0 = Release|Any CPU
		{262165C7-DF4B-4C5B-95A8-92BD5ACC5776}.Debug|Any CPU.ActiveCfg = Debug|Any CPU
		{262165C7-DF4B-4C5B-95A8-92BD5ACC5776}.Debug|Any CPU.Build.0 = Debug|Any CPU
		{262165C7-DF4B-4C5B-95A8-92BD5ACC5776}.Release|Any CPU.ActiveCfg = Release|Any CPU
		{262165C7-DF4B-4C5B-95A8-92BD5ACC5776}.Release|Any CPU.Build.0 = Release|Any CPU
		{ECDC4BAC-7F0F-4BBB-9F10-FA8544742F45}.Debug|Any CPU.ActiveCfg = Debug|Any CPU
		{ECDC4BAC-7F0F-4BBB-9F10-FA8544742F45}.Debug|Any CPU.Build.0 = Debug|Any CPU
		{ECDC4BAC-7F0F-4BBB-9F10-FA8544742F45}.Release|Any CPU.ActiveCfg = Release|Any CPU
		{ECDC4BAC-7F0F-4BBB-9F10-FA8544742F45}.Release|Any CPU.Build.0 = Release|Any CPU
		{17C01D06-BC69-4E67-8CFA-B7A763BAB055}.Debug|Any CPU.ActiveCfg = Debug|Any CPU
		{17C01D06-BC69-4E67-8CFA-B7A763BAB055}.Debug|Any CPU.Build.0 = Debug|Any CPU
		{17C01D06-BC69-4E67-8CFA-B7A763BAB055}.Release|Any CPU.ActiveCfg = Release|Any CPU
		{17C01D06-BC69-4E67-8CFA-B7A763BAB055}.Release|Any CPU.Build.0 = Release|Any CPU
		{92EC6BDC-DBCD-4113-BD11-4954D6EC980C}.Debug|Any CPU.ActiveCfg = Debug|Any CPU
		{92EC6BDC-DBCD-4113-BD11-4954D6EC980C}.Debug|Any CPU.Build.0 = Debug|Any CPU
		{92EC6BDC-DBCD-4113-BD11-4954D6EC980C}.Release|Any CPU.ActiveCfg = Release|Any CPU
		{92EC6BDC-DBCD-4113-BD11-4954D6EC980C}.Release|Any CPU.Build.0 = Release|Any CPU
		{95BFEF11-1DFD-472A-A9D6-EDA4B141DA16}.Debug|Any CPU.ActiveCfg = Debug|Any CPU
		{95BFEF11-1DFD-472A-A9D6-EDA4B141DA16}.Debug|Any CPU.Build.0 = Debug|Any CPU
		{95BFEF11-1DFD-472A-A9D6-EDA4B141DA16}.Release|Any CPU.ActiveCfg = Release|Any CPU
		{95BFEF11-1DFD-472A-A9D6-EDA4B141DA16}.Release|Any CPU.Build.0 = Release|Any CPU
		{382AA639-142F-4B3E-A901-40CC00D4DF60}.Debug|Any CPU.ActiveCfg = Debug|Any CPU
		{382AA639-142F-4B3E-A901-40CC00D4DF60}.Debug|Any CPU.Build.0 = Debug|Any CPU
		{382AA639-142F-4B3E-A901-40CC00D4DF60}.Release|Any CPU.ActiveCfg = Release|Any CPU
		{382AA639-142F-4B3E-A901-40CC00D4DF60}.Release|Any CPU.Build.0 = Release|Any CPU
		{D45CE22D-6C70-4A46-B7DB-A2F2CD2E2C04}.Debug|Any CPU.ActiveCfg = Debug|Any CPU
		{D45CE22D-6C70-4A46-B7DB-A2F2CD2E2C04}.Debug|Any CPU.Build.0 = Debug|Any CPU
		{D45CE22D-6C70-4A46-B7DB-A2F2CD2E2C04}.Release|Any CPU.ActiveCfg = Release|Any CPU
		{D45CE22D-6C70-4A46-B7DB-A2F2CD2E2C04}.Release|Any CPU.Build.0 = Release|Any CPU
		{AA8714FC-30ED-44F5-AB79-BA7D3631E86B}.Debug|Any CPU.ActiveCfg = Debug|Any CPU
		{AA8714FC-30ED-44F5-AB79-BA7D3631E86B}.Debug|Any CPU.Build.0 = Debug|Any CPU
		{AA8714FC-30ED-44F5-AB79-BA7D3631E86B}.Release|Any CPU.ActiveCfg = Release|Any CPU
		{AA8714FC-30ED-44F5-AB79-BA7D3631E86B}.Release|Any CPU.Build.0 = Release|Any CPU
		{ADC07F43-5C99-4C54-A218-C3E40E29CC4F}.Debug|Any CPU.ActiveCfg = Debug|Any CPU
		{ADC07F43-5C99-4C54-A218-C3E40E29CC4F}.Debug|Any CPU.Build.0 = Debug|Any CPU
		{ADC07F43-5C99-4C54-A218-C3E40E29CC4F}.Release|Any CPU.ActiveCfg = Release|Any CPU
		{ADC07F43-5C99-4C54-A218-C3E40E29CC4F}.Release|Any CPU.Build.0 = Release|Any CPU
		{15CFD62C-462F-4F4F-9EA5-D2D267AA91E3}.Debug|Any CPU.ActiveCfg = Debug|Any CPU
		{15CFD62C-462F-4F4F-9EA5-D2D267AA91E3}.Debug|Any CPU.Build.0 = Debug|Any CPU
		{15CFD62C-462F-4F4F-9EA5-D2D267AA91E3}.Release|Any CPU.ActiveCfg = Release|Any CPU
		{15CFD62C-462F-4F4F-9EA5-D2D267AA91E3}.Release|Any CPU.Build.0 = Release|Any CPU
		{C9F6E4E1-F509-4EF5-BA47-3C6F702149AA}.Debug|Any CPU.ActiveCfg = Debug|Any CPU
		{C9F6E4E1-F509-4EF5-BA47-3C6F702149AA}.Debug|Any CPU.Build.0 = Debug|Any CPU
		{C9F6E4E1-F509-4EF5-BA47-3C6F702149AA}.Release|Any CPU.ActiveCfg = Release|Any CPU
		{C9F6E4E1-F509-4EF5-BA47-3C6F702149AA}.Release|Any CPU.Build.0 = Release|Any CPU
		{14399D99-BB60-477F-B12F-39C4A3578242}.Debug|Any CPU.ActiveCfg = Debug|Any CPU
		{14399D99-BB60-477F-B12F-39C4A3578242}.Debug|Any CPU.Build.0 = Debug|Any CPU
		{14399D99-BB60-477F-B12F-39C4A3578242}.Release|Any CPU.ActiveCfg = Release|Any CPU
		{14399D99-BB60-477F-B12F-39C4A3578242}.Release|Any CPU.Build.0 = Release|Any CPU
		{0F37713E-D845-4B58-BA29-317DB4847B6A}.Debug|Any CPU.ActiveCfg = Debug|Any CPU
		{0F37713E-D845-4B58-BA29-317DB4847B6A}.Debug|Any CPU.Build.0 = Debug|Any CPU
		{0F37713E-D845-4B58-BA29-317DB4847B6A}.Release|Any CPU.ActiveCfg = Release|Any CPU
		{0F37713E-D845-4B58-BA29-317DB4847B6A}.Release|Any CPU.Build.0 = Release|Any CPU
	EndGlobalSection
	GlobalSection(NestedProjects) = preSolution
		{262165C7-DF4B-4C5B-95A8-92BD5ACC5776} = {89D5B0B0-227B-4840-AE90-FD1001B1CC7A}
		{ECDC4BAC-7F0F-4BBB-9F10-FA8544742F45} = {89D5B0B0-227B-4840-AE90-FD1001B1CC7A}
		{EE29755E-6961-4AEF-A3AF-1EABA0038289} = {89D5B0B0-227B-4840-AE90-FD1001B1CC7A}
		{7E4B1799-68DD-47EF-B3F5-DFE4B3620F0A} = {5791FFB4-7FAA-488B-A42C-B6FB68B67E99}
		{95BFEF11-1DFD-472A-A9D6-EDA4B141DA16} = {5791FFB4-7FAA-488B-A42C-B6FB68B67E99}
		{382AA639-142F-4B3E-A901-40CC00D4DF60} = {5791FFB4-7FAA-488B-A42C-B6FB68B67E99}
		{17C01D06-BC69-4E67-8CFA-B7A763BAB055} = {A122DEDF-031B-46B3-9970-6BFDF31B428B}
		{92EC6BDC-DBCD-4113-BD11-4954D6EC980C} = {A122DEDF-031B-46B3-9970-6BFDF31B428B}
		{D45CE22D-6C70-4A46-B7DB-A2F2CD2E2C04} = {4FAB8548-ADD0-4157-889E-E66A7215E707}
		{AA8714FC-30ED-44F5-AB79-BA7D3631E86B} = {4FAB8548-ADD0-4157-889E-E66A7215E707}
		{ADC07F43-5C99-4C54-A218-C3E40E29CC4F} = {4FAB8548-ADD0-4157-889E-E66A7215E707}
		{15CFD62C-462F-4F4F-9EA5-D2D267AA91E3} = {70AA5687-E3A7-40F9-B8D7-9313A892BCD8}
		{C9F6E4E1-F509-4EF5-BA47-3C6F702149AA} = {70AA5687-E3A7-40F9-B8D7-9313A892BCD8}
		{14399D99-BB60-477F-B12F-39C4A3578242} = {70AA5687-E3A7-40F9-B8D7-9313A892BCD8}
		{0F37713E-D845-4B58-BA29-317DB4847B6A} = {70AA5687-E3A7-40F9-B8D7-9313A892BCD8}
	EndGlobalSection
EndGlobal
